
Microsoft Visual Studio Solution File, Format Version 12.00
# Visual Studio Version 17
VisualStudioVersion = 17.0.32112.339
MinimumVisualStudioVersion = 10.0.40219.1
Project("{9A19103F-16F7-4668-BE54-9A1E7A4F7556}") = "WatchPortalFunction", "WatchPortalFunction\WatchPortalFunction.csproj", "{268BDF96-211C-40FE-B3F7-2DD27E1F6D8A}"
EndProject
Project("{FAE04EC0-301F-11D3-BF4B-00C04F79EFBC}") = "WatchPortalFunction.Tests", "WatchPortalFunction.Tests\WatchPortalFunction.Tests.csproj", "{9C4F9E00-3ADE-47F8-A009-5BB66D30DFEA}"
EndProject
Global
	GlobalSection(SolutionConfigurationPlatforms) = preSolution
		Debug|Any CPU = Debug|Any CPU
		Release|Any CPU = Release|Any CPU
	EndGlobalSection
	GlobalSection(ProjectConfigurationPlatforms) = postSolution
		{268BDF96-211C-40FE-B3F7-2DD27E1F6D8A}.Debug|Any CPU.ActiveCfg = Debug|Any CPU
		{268BDF96-211C-40FE-B3F7-2DD27E1F6D8A}.Debug|Any CPU.Build.0 = Debug|Any CPU
		{268BDF96-211C-40FE-B3F7-2DD27E1F6D8A}.Release|Any CPU.ActiveCfg = Release|Any CPU
		{268BDF96-211C-40FE-B3F7-2DD27E1F6D8A}.Release|Any CPU.Build.0 = Release|Any CPU
		{9C4F9E00-3ADE-47F8-A009-5BB66D30DFEA}.Debug|Any CPU.ActiveCfg = Debug|Any CPU
		{9C4F9E00-3ADE-47F8-A009-5BB66D30DFEA}.Debug|Any CPU.Build.0 = Debug|Any CPU
		{9C4F9E00-3ADE-47F8-A009-5BB66D30DFEA}.Release|Any CPU.ActiveCfg = Release|Any CPU
		{9C4F9E00-3ADE-47F8-A009-5BB66D30DFEA}.Release|Any CPU.Build.0 = Release|Any CPU
	EndGlobalSection
	GlobalSection(SolutionProperties) = preSolution
		HideSolutionNode = FALSE
	EndGlobalSection
	GlobalSection(ExtensibilityGlobals) = postSolution
		SolutionGuid = {08AA74DC-F8A9-45D6-BB16-B9C0A4B26A4C}
	EndGlobalSection
EndGlobal
